
Microsoft Visual Studio Solution File, Format Version 12.00
# Visual Studio Version 16
VisualStudioVersion = 16.0.31129.286
MinimumVisualStudioVersion = 10.0.40219.1
Project("{9A19103F-16F7-4668-BE54-9A1E7A4F7556}") = "MontyHallSimulator", "MontyHallSimulator\MontyHallSimulator.csproj", "{8EC345F7-7B5A-4CC0-A64F-A2882E1969E7}"
EndProject
Project("{FAE04EC0-301F-11D3-BF4B-00C04F79EFBC}") = "MontyHallSimulator.Tests", "MontyHallSimulator.Tests\MontyHallSimulator.Tests.csproj", "{93107828-9CAB-46FE-B0DC-109914A432DE}"
EndProject
Global
	GlobalSection(SolutionConfigurationPlatforms) = preSolution
		Debug|Any CPU = Debug|Any CPU
		Release|Any CPU = Release|Any CPU
	EndGlobalSection
	GlobalSection(ProjectConfigurationPlatforms) = postSolution
		{8EC345F7-7B5A-4CC0-A64F-A2882E1969E7}.Debug|Any CPU.ActiveCfg = Debug|Any CPU
		{8EC345F7-7B5A-4CC0-A64F-A2882E1969E7}.Debug|Any CPU.Build.0 = Debug|Any CPU
		{8EC345F7-7B5A-4CC0-A64F-A2882E1969E7}.Release|Any CPU.ActiveCfg = Release|Any CPU
		{8EC345F7-7B5A-4CC0-A64F-A2882E1969E7}.Release|Any CPU.Build.0 = Release|Any CPU
		{93107828-9CAB-46FE-B0DC-109914A432DE}.Debug|Any CPU.ActiveCfg = Debug|Any CPU
		{93107828-9CAB-46FE-B0DC-109914A432DE}.Debug|Any CPU.Build.0 = Debug|Any CPU
		{93107828-9CAB-46FE-B0DC-109914A432DE}.Release|Any CPU.ActiveCfg = Release|Any CPU
		{93107828-9CAB-46FE-B0DC-109914A432DE}.Release|Any CPU.Build.0 = Release|Any CPU
	EndGlobalSection
	GlobalSection(SolutionProperties) = preSolution
		HideSolutionNode = FALSE
	EndGlobalSection
	GlobalSection(ExtensibilityGlobals) = postSolution
		SolutionGuid = {AA35C412-2703-4ABA-A61E-AD7A7D48EE82}
	EndGlobalSection
EndGlobal
